
Microsoft Visual Studio Solution File, Format Version 12.00
# Visual Studio Version 17
VisualStudioVersion = 17.1.32210.238
MinimumVisualStudioVersion = 10.0.40219.1
Project("{FAE04EC0-301F-11D3-BF4B-00C04F79EFBC}") = "健身运动应用", "健身运动应用.csproj", "{947BE597-D025-4184-A805-CCF4096FCA82}"
EndProject
Global
	GlobalSection(SolutionConfigurationPlatforms) = preSolution
		Debug|Any CPU = Debug|Any CPU
		Release|Any CPU = Release|Any CPU
	EndGlobalSection
	GlobalSection(ProjectConfigurationPlatforms) = postSolution
		{947BE597-D025-4184-A805-CCF4096FCA82}.Debug|Any CPU.ActiveCfg = Debug|Any CPU
		{947BE597-D025-4184-A805-CCF4096FCA82}.Debug|Any CPU.Build.0 = Debug|Any CPU
		{947BE597-D025-4184-A805-CCF4096FCA82}.Release|Any CPU.ActiveCfg = Release|Any CPU
		{947BE597-D025-4184-A805-CCF4096FCA82}.Release|Any CPU.Build.0 = Release|Any CPU
	EndGlobalSection
	GlobalSection(SolutionProperties) = preSolution
		HideSolutionNode = FALSE
	EndGlobalSection
	GlobalSection(ExtensibilityGlobals) = postSolution
		SolutionGuid = {8580FF3F-2C59-4CB5-8E77-2972FE032EB2}
	EndGlobalSection
EndGlobal
